
Microsoft Visual Studio Solution File, Format Version 12.00
# Visual Studio 15
VisualStudioVersion = 15.0.27703.2047
MinimumVisualStudioVersion = 10.0.40219.1
Project("{FAE04EC0-301F-11D3-BF4B-00C04F79EFBC}") = "MethodExercises", "MethodExercises\MethodExercises.csproj", "{243B10F0-DACA-4DEB-9B3C-D78266005AF0}"
EndProject
Global
	GlobalSection(SolutionConfigurationPlatforms) = preSolution
		Debug|Any CPU = Debug|Any CPU
		Release|Any CPU = Release|Any CPU
	EndGlobalSection
	GlobalSection(ProjectConfigurationPlatforms) = postSolution
		{243B10F0-DACA-4DEB-9B3C-D78266005AF0}.Debug|Any CPU.ActiveCfg = Debug|Any CPU
		{243B10F0-DACA-4DEB-9B3C-D78266005AF0}.Debug|Any CPU.Build.0 = Debug|Any CPU
		{243B10F0-DACA-4DEB-9B3C-D78266005AF0}.Release|Any CPU.ActiveCfg = Release|Any CPU
		{243B10F0-DACA-4DEB-9B3C-D78266005AF0}.Release|Any CPU.Build.0 = Release|Any CPU
	EndGlobalSection
	GlobalSection(SolutionProperties) = preSolution
		HideSolutionNode = FALSE
	EndGlobalSection
	GlobalSection(ExtensibilityGlobals) = postSolution
		SolutionGuid = {AE622D59-81F2-4265-82BE-DAFAB18A3A5C}
	EndGlobalSection
EndGlobal
